
Microsoft Visual Studio Solution File, Format Version 12.00
# Visual Studio 15
VisualStudioVersion = 15.0.28010.2003
MinimumVisualStudioVersion = 10.0.40219.1
Project("{8BC9CEB8-8B4A-11D0-8D11-00A0C91BC942}") = "App", "App\App.vcxproj", "{6DD0D667-AFEC-4E32-A544-A397F9F0561E}"
EndProject
Global
	GlobalSection(SolutionConfigurationPlatforms) = preSolution
		Debug|VisualGDB = Debug|VisualGDB
		Release|VisualGDB = Release|VisualGDB
	EndGlobalSection
	GlobalSection(ProjectConfigurationPlatforms) = postSolution
		{6DD0D667-AFEC-4E32-A544-A397F9F0561E}.Debug|VisualGDB.ActiveCfg = Debug|VisualGDB
		{6DD0D667-AFEC-4E32-A544-A397F9F0561E}.Debug|VisualGDB.Build.0 = Debug|VisualGDB
		{6DD0D667-AFEC-4E32-A544-A397F9F0561E}.Release|VisualGDB.ActiveCfg = Release|VisualGDB
		{6DD0D667-AFEC-4E32-A544-A397F9F0561E}.Release|VisualGDB.Build.0 = Release|VisualGDB
	EndGlobalSection
	GlobalSection(SolutionProperties) = preSolution
		HideSolutionNode = FALSE
	EndGlobalSection
	GlobalSection(ExtensibilityGlobals) = postSolution
		SolutionGuid = {2F780AEA-743A-4E0E-B2B0-BAA0996034A8}
	EndGlobalSection
EndGlobal
